
Microsoft Visual Studio Solution File, Format Version 12.00
# Visual Studio Version 16
VisualStudioVersion = 16.0.30114.105
MinimumVisualStudioVersion = 10.0.40219.1
Project("{FAE04EC0-301F-11D3-BF4B-00C04F79EFBC}") = "API", "API\API.csproj", "{70E45526-33EC-4290-B28D-6F3CECD847B9}"
EndProject
Project("{FAE04EC0-301F-11D3-BF4B-00C04F79EFBC}") = "Application", "Application\Application.csproj", "{F833001A-0494-4283-9597-67C0F985F049}"
EndProject
Project("{FAE04EC0-301F-11D3-BF4B-00C04F79EFBC}") = "Persistence", "Persistence\Persistence.csproj", "{BC365E2D-F305-4D8E-A247-B3704CB31D58}"
EndProject
Project("{FAE04EC0-301F-11D3-BF4B-00C04F79EFBC}") = "Domain", "Domain\Domain.csproj", "{51A45AA5-116B-4E4F-957C-C122199AB234}"
EndProject
Global
	GlobalSection(SolutionConfigurationPlatforms) = preSolution
		Debug|Any CPU = Debug|Any CPU
		Debug|x64 = Debug|x64
		Debug|x86 = Debug|x86
		Release|Any CPU = Release|Any CPU
		Release|x64 = Release|x64
		Release|x86 = Release|x86
	EndGlobalSection
	GlobalSection(SolutionProperties) = preSolution
		HideSolutionNode = FALSE
	EndGlobalSection
	GlobalSection(ProjectConfigurationPlatforms) = postSolution
		{70E45526-33EC-4290-B28D-6F3CECD847B9}.Debug|Any CPU.ActiveCfg = Debug|Any CPU
		{70E45526-33EC-4290-B28D-6F3CECD847B9}.Debug|Any CPU.Build.0 = Debug|Any CPU
		{70E45526-33EC-4290-B28D-6F3CECD847B9}.Debug|x64.ActiveCfg = Debug|Any CPU
		{70E45526-33EC-4290-B28D-6F3CECD847B9}.Debug|x64.Build.0 = Debug|Any CPU
		{70E45526-33EC-4290-B28D-6F3CECD847B9}.Debug|x86.ActiveCfg = Debug|Any CPU
		{70E45526-33EC-4290-B28D-6F3CECD847B9}.Debug|x86.Build.0 = Debug|Any CPU
		{70E45526-33EC-4290-B28D-6F3CECD847B9}.Release|Any CPU.ActiveCfg = Release|Any CPU
		{70E45526-33EC-4290-B28D-6F3CECD847B9}.Release|Any CPU.Build.0 = Release|Any CPU
		{70E45526-33EC-4290-B28D-6F3CECD847B9}.Release|x64.ActiveCfg = Release|Any CPU
		{70E45526-33EC-4290-B28D-6F3CECD847B9}.Release|x64.Build.0 = Release|Any CPU
		{70E45526-33EC-4290-B28D-6F3CECD847B9}.Release|x86.ActiveCfg = Release|Any CPU
		{70E45526-33EC-4290-B28D-6F3CECD847B9}.Release|x86.Build.0 = Release|Any CPU
		{F833001A-0494-4283-9597-67C0F985F049}.Debug|Any CPU.ActiveCfg = Debug|Any CPU
		{F833001A-0494-4283-9597-67C0F985F049}.Debug|Any CPU.Build.0 = Debug|Any CPU
		{F833001A-0494-4283-9597-67C0F985F049}.Debug|x64.ActiveCfg = Debug|Any CPU
		{F833001A-0494-4283-9597-67C0F985F049}.Debug|x64.Build.0 = Debug|Any CPU
		{F833001A-0494-4283-9597-67C0F985F049}.Debug|x86.ActiveCfg = Debug|Any CPU
		{F833001A-0494-4283-9597-67C0F985F049}.Debug|x86.Build.0 = Debug|Any CPU
		{F833001A-0494-4283-9597-67C0F985F049}.Release|Any CPU.ActiveCfg = Release|Any CPU
		{F833001A-0494-4283-9597-67C0F985F049}.Release|Any CPU.Build.0 = Release|Any CPU
		{F833001A-0494-4283-9597-67C0F985F049}.Release|x64.ActiveCfg = Release|Any CPU
		{F833001A-0494-4283-9597-67C0F985F049}.Release|x64.Build.0 = Release|Any CPU
		{F833001A-0494-4283-9597-67C0F985F049}.Release|x86.ActiveCfg = Release|Any CPU
		{F833001A-0494-4283-9597-67C0F985F049}.Release|x86.Build.0 = Release|Any CPU
		{BC365E2D-F305-4D8E-A247-B3704CB31D58}.Debug|Any CPU.ActiveCfg = Debug|Any CPU
		{BC365E2D-F305-4D8E-A247-B3704CB31D58}.Debug|Any CPU.Build.0 = Debug|Any CPU
		{BC365E2D-F305-4D8E-A247-B3704CB31D58}.Debug|x64.ActiveCfg = Debug|Any CPU
		{BC365E2D-F305-4D8E-A247-B3704CB31D58}.Debug|x64.Build.0 = Debug|Any CPU
		{BC365E2D-F305-4D8E-A247-B3704CB31D58}.Debug|x86.ActiveCfg = Debug|Any CPU
		{BC365E2D-F305-4D8E-A247-B3704CB31D58}.Debug|x86.Build.0 = Debug|Any CPU
		{BC365E2D-F305-4D8E-A247-B3704CB31D58}.Release|Any CPU.ActiveCfg = Release|Any CPU
		{BC365E2D-F305-4D8E-A247-B3704CB31D58}.Release|Any CPU.Build.0 = Release|Any CPU
		{BC365E2D-F305-4D8E-A247-B3704CB31D58}.Release|x64.ActiveCfg = Release|Any CPU
		{BC365E2D-F305-4D8E-A247-B3704CB31D58}.Release|x64.Build.0 = Release|Any CPU
		{BC365E2D-F305-4D8E-A247-B3704CB31D58}.Release|x86.ActiveCfg = Release|Any CPU
		{BC365E2D-F305-4D8E-A247-B3704CB31D58}.Release|x86.Build.0 = Release|Any CPU
		{51A45AA5-116B-4E4F-957C-C122199AB234}.Debug|Any CPU.ActiveCfg = Debug|Any CPU
		{51A45AA5-116B-4E4F-957C-C122199AB234}.Debug|Any CPU.Build.0 = Debug|Any CPU
		{51A45AA5-116B-4E4F-957C-C122199AB234}.Debug|x64.ActiveCfg = Debug|Any CPU
		{51A45AA5-116B-4E4F-957C-C122199AB234}.Debug|x64.Build.0 = Debug|Any CPU
		{51A45AA5-116B-4E4F-957C-C122199AB234}.Debug|x86.ActiveCfg = Debug|Any CPU
		{51A45AA5-116B-4E4F-957C-C122199AB234}.Debug|x86.Build.0 = Debug|Any CPU
		{51A45AA5-116B-4E4F-957C-C122199AB234}.Release|Any CPU.ActiveCfg = Release|Any CPU
		{51A45AA5-116B-4E4F-957C-C122199AB234}.Release|Any CPU.Build.0 = Release|Any CPU
		{51A45AA5-116B-4E4F-957C-C122199AB234}.Release|x64.ActiveCfg = Release|Any CPU
		{51A45AA5-116B-4E4F-957C-C122199AB234}.Release|x64.Build.0 = Release|Any CPU
		{51A45AA5-116B-4E4F-957C-C122199AB234}.Release|x86.ActiveCfg = Release|Any CPU
		{51A45AA5-116B-4E4F-957C-C122199AB234}.Release|x86.Build.0 = Release|Any CPU
	EndGlobalSection
EndGlobal
